
Microsoft Visual Studio Solution File, Format Version 12.00
# Visual Studio 15
VisualStudioVersion = 15.0.26228.9
MinimumVisualStudioVersion = 10.0.40219.1
Project("{FAE04EC0-301F-11D3-BF4B-00C04F79EFBC}") = "ImageRecognition", "ImageRecognition\ImageRecognition.csproj", "{0D41DEA7-CA01-43C6-AB8A-7DF58D858B5C}"
EndProject
Project("{FAE04EC0-301F-11D3-BF4B-00C04F79EFBC}") = "ImageRecognitionUnitTest", "ImageRecognitionUnitTest\ImageRecognitionUnitTest.csproj", "{7DCDAA84-45AA-45D6-AA10-0E66496572D7}"
EndProject
Project("{2150E333-8FDC-42A3-9474-1A3956D46DE8}") = "Solution Items", "Solution Items", "{0DC4EE25-6AFC-4E85-8FBD-300A370EAB3B}"
EndProject
Project("{FAE04EC0-301F-11D3-BF4B-00C04F79EFBC}") = "ImageRecognizerConsole", "ImageRecognizerConsole\ImageRecognizerConsole.csproj", "{C055A408-59DC-4323-9140-448DC232B7DF}"
EndProject
Global
	GlobalSection(SolutionConfigurationPlatforms) = preSolution
		Debug|Any CPU = Debug|Any CPU
		Release|Any CPU = Release|Any CPU
	EndGlobalSection
	GlobalSection(ProjectConfigurationPlatforms) = postSolution
		{0D41DEA7-CA01-43C6-AB8A-7DF58D858B5C}.Debug|Any CPU.ActiveCfg = Debug|Any CPU
		{0D41DEA7-CA01-43C6-AB8A-7DF58D858B5C}.Debug|Any CPU.Build.0 = Debug|Any CPU
		{0D41DEA7-CA01-43C6-AB8A-7DF58D858B5C}.Release|Any CPU.ActiveCfg = Release|Any CPU
		{0D41DEA7-CA01-43C6-AB8A-7DF58D858B5C}.Release|Any CPU.Build.0 = Release|Any CPU
		{7DCDAA84-45AA-45D6-AA10-0E66496572D7}.Debug|Any CPU.ActiveCfg = Debug|Any CPU
		{7DCDAA84-45AA-45D6-AA10-0E66496572D7}.Debug|Any CPU.Build.0 = Debug|Any CPU
		{7DCDAA84-45AA-45D6-AA10-0E66496572D7}.Release|Any CPU.ActiveCfg = Release|Any CPU
		{7DCDAA84-45AA-45D6-AA10-0E66496572D7}.Release|Any CPU.Build.0 = Release|Any CPU
		{C055A408-59DC-4323-9140-448DC232B7DF}.Debug|Any CPU.ActiveCfg = Debug|Any CPU
		{C055A408-59DC-4323-9140-448DC232B7DF}.Debug|Any CPU.Build.0 = Debug|Any CPU
		{C055A408-59DC-4323-9140-448DC232B7DF}.Release|Any CPU.ActiveCfg = Release|Any CPU
		{C055A408-59DC-4323-9140-448DC232B7DF}.Release|Any CPU.Build.0 = Release|Any CPU
	EndGlobalSection
	GlobalSection(SolutionProperties) = preSolution
		HideSolutionNode = FALSE
	EndGlobalSection
	GlobalSection(TeamFoundationVersionControl) = preSolution
		SccNumberOfProjects = 4
		SccEnterpriseProvider = {4CA58AB2-18FA-4F8D-95D4-32DDF27D184C}
		SccTeamFoundationServer = https://daenet.visualstudio.com/
		SccLocalPath0 = .
		SccProjectUniqueName1 = ImageRecognition\\ImageRecognition.csproj
		SccProjectName1 = ImageRecognition
		SccLocalPath1 = ImageRecognition
		SccProjectUniqueName2 = ImageRecognitionUnitTest\\ImageRecognitionUnitTest.csproj
		SccProjectName2 = ImageRecognitionUnitTest
		SccLocalPath2 = ImageRecognitionUnitTest
		SccProjectUniqueName3 = ImageRecognizerConsole\\ImageRecognizerConsole.csproj
		SccProjectName3 = ImageRecognizerConsole
		SccLocalPath3 = ImageRecognizerConsole
	EndGlobalSection
EndGlobal
